
Microsoft Visual Studio Solution File, Format Version 12.00
# Visual Studio Version 16
VisualStudioVersion = 16.0.31205.134
MinimumVisualStudioVersion = 10.0.40219.1
Project("{FAE04EC0-301F-11D3-BF4B-00C04F79EFBC}") = "Avanade.SubTCSE.Projeto.Api", "Avanade.SubTCSE.Projeto.Api\Avanade.SubTCSE.Projeto.Api.csproj", "{0019CF05-F2BB-4583-95CB-F8B3D6CB2BB8}"
EndProject
Global
	GlobalSection(SolutionConfigurationPlatforms) = preSolution
		Debug|Any CPU = Debug|Any CPU
		Release|Any CPU = Release|Any CPU
	EndGlobalSection
	GlobalSection(ProjectConfigurationPlatforms) = postSolution
		{0019CF05-F2BB-4583-95CB-F8B3D6CB2BB8}.Debug|Any CPU.ActiveCfg = Debug|Any CPU
		{0019CF05-F2BB-4583-95CB-F8B3D6CB2BB8}.Debug|Any CPU.Build.0 = Debug|Any CPU
		{0019CF05-F2BB-4583-95CB-F8B3D6CB2BB8}.Release|Any CPU.ActiveCfg = Release|Any CPU
		{0019CF05-F2BB-4583-95CB-F8B3D6CB2BB8}.Release|Any CPU.Build.0 = Release|Any CPU
	EndGlobalSection
	GlobalSection(SolutionProperties) = preSolution
		HideSolutionNode = FALSE
	EndGlobalSection
	GlobalSection(ExtensibilityGlobals) = postSolution
		SolutionGuid = {AC764A68-4F07-4AAA-AB6A-7BDB5EE0B4CD}
	EndGlobalSection
EndGlobal
